
Microsoft Visual Studio Solution File, Format Version 12.00
# Visual Studio Version 17
VisualStudioVersion = 17.11.35327.3
MinimumVisualStudioVersion = 10.0.40219.1
Project("{FAE04EC0-301F-11D3-BF4B-00C04F79EFBC}") = "JS2CS", "JS2CS\JS2CS.csproj", "{72E986B1-A765-4D84-8CFD-0C99F73FE052}"
EndProject
Global
	GlobalSection(SolutionConfigurationPlatforms) = preSolution
		Debug|Any CPU = Debug|Any CPU
		Release|Any CPU = Release|Any CPU
	EndGlobalSection
	GlobalSection(ProjectConfigurationPlatforms) = postSolution
		{72E986B1-A765-4D84-8CFD-0C99F73FE052}.Debug|Any CPU.ActiveCfg = Debug|Any CPU
		{72E986B1-A765-4D84-8CFD-0C99F73FE052}.Debug|Any CPU.Build.0 = Debug|Any CPU
		{72E986B1-A765-4D84-8CFD-0C99F73FE052}.Release|Any CPU.ActiveCfg = Release|Any CPU
		{72E986B1-A765-4D84-8CFD-0C99F73FE052}.Release|Any CPU.Build.0 = Release|Any CPU
	EndGlobalSection
	GlobalSection(SolutionProperties) = preSolution
		HideSolutionNode = FALSE
	EndGlobalSection
	GlobalSection(ExtensibilityGlobals) = postSolution
		SolutionGuid = {3E0F009E-476A-43D9-A962-BC97046F360A}
	EndGlobalSection
EndGlobal
