Microsoft Visual Studio Solution File, Format Version 12.00
# Visual Studio Version 17
VisualStudioVersion = 17.5.2.0
MinimumVisualStudioVersion = 10.0.40219.1
Project("{FAE04EC0-301F-11D3-BF4B-00C04F79EFBC}") = "YourRentalCarAPI", "YourRentalCarAPI.csproj", "{59E04FF4-D57F-2CCD-F887-6D68B43BA30E}"
EndProject
Global
	GlobalSection(SolutionConfigurationPlatforms) = preSolution
		Debug|Any CPU = Debug|Any CPU
		Release|Any CPU = Release|Any CPU
	EndGlobalSection
	GlobalSection(ProjectConfigurationPlatforms) = postSolution
		{59E04FF4-D57F-2CCD-F887-6D68B43BA30E}.Debug|Any CPU.ActiveCfg = Debug|Any CPU
		{59E04FF4-D57F-2CCD-F887-6D68B43BA30E}.Debug|Any CPU.Build.0 = Debug|Any CPU
		{59E04FF4-D57F-2CCD-F887-6D68B43BA30E}.Release|Any CPU.ActiveCfg = Release|Any CPU
		{59E04FF4-D57F-2CCD-F887-6D68B43BA30E}.Release|Any CPU.Build.0 = Release|Any CPU
	EndGlobalSection
	GlobalSection(SolutionProperties) = preSolution
		HideSolutionNode = FALSE
	EndGlobalSection
	GlobalSection(ExtensibilityGlobals) = postSolution
		SolutionGuid = {F70E84EE-82E9-42A7-A37A-3A25CD961C2D}
	EndGlobalSection
EndGlobal
